
Microsoft Visual Studio Solution File, Format Version 12.00
# Visual Studio Version 17
VisualStudioVersion = 17.11.35208.52
MinimumVisualStudioVersion = 10.0.40219.1
Project("{FAE04EC0-301F-11D3-BF4B-00C04F79EFBC}") = "CheckBoxDEmo", "CheckBoxDEmo\CheckBoxDEmo.csproj", "{BED2850C-AFFE-4E52-ADF8-7AD192635876}"
EndProject
Global
	GlobalSection(SolutionConfigurationPlatforms) = preSolution
		Debug|Any CPU = Debug|Any CPU
		Release|Any CPU = Release|Any CPU
	EndGlobalSection
	GlobalSection(ProjectConfigurationPlatforms) = postSolution
		{BED2850C-AFFE-4E52-ADF8-7AD192635876}.Debug|Any CPU.ActiveCfg = Debug|Any CPU
		{BED2850C-AFFE-4E52-ADF8-7AD192635876}.Debug|Any CPU.Build.0 = Debug|Any CPU
		{BED2850C-AFFE-4E52-ADF8-7AD192635876}.Release|Any CPU.ActiveCfg = Release|Any CPU
		{BED2850C-AFFE-4E52-ADF8-7AD192635876}.Release|Any CPU.Build.0 = Release|Any CPU
	EndGlobalSection
	GlobalSection(SolutionProperties) = preSolution
		HideSolutionNode = FALSE
	EndGlobalSection
	GlobalSection(ExtensibilityGlobals) = postSolution
		SolutionGuid = {87933258-700C-431A-A51B-BC1DDC6082AA}
	EndGlobalSection
EndGlobal
